
Microsoft Visual Studio Solution File, Format Version 12.00
# Visual Studio Version 16
VisualStudioVersion = 16.0.31112.23
MinimumVisualStudioVersion = 10.0.40219.1
Project("{FAE04EC0-301F-11D3-BF4B-00C04F79EFBC}") = "WPF_PhoneBook", "WPF_PhoneBook\WPF_PhoneBook.csproj", "{CEC39517-7EF4-4428-BE41-3320CBA53A05}"
EndProject
Global
	GlobalSection(SolutionConfigurationPlatforms) = preSolution
		Debug|Any CPU = Debug|Any CPU
		Release|Any CPU = Release|Any CPU
	EndGlobalSection
	GlobalSection(ProjectConfigurationPlatforms) = postSolution
		{CEC39517-7EF4-4428-BE41-3320CBA53A05}.Debug|Any CPU.ActiveCfg = Debug|Any CPU
		{CEC39517-7EF4-4428-BE41-3320CBA53A05}.Debug|Any CPU.Build.0 = Debug|Any CPU
		{CEC39517-7EF4-4428-BE41-3320CBA53A05}.Release|Any CPU.ActiveCfg = Release|Any CPU
		{CEC39517-7EF4-4428-BE41-3320CBA53A05}.Release|Any CPU.Build.0 = Release|Any CPU
	EndGlobalSection
	GlobalSection(SolutionProperties) = preSolution
		HideSolutionNode = FALSE
	EndGlobalSection
	GlobalSection(ExtensibilityGlobals) = postSolution
		SolutionGuid = {A975B1A4-7179-4C9B-9209-4DA26868DA0D}
	EndGlobalSection
EndGlobal
